// !$*UTF8*$!
{
	archiveVersion = 1;
	classes = {
	};
	objectVersion = 51;
	objects = {

/* Begin PBXBuildFile section */
		38EFD787FBBD0ABBE8B26233 /* Pods_URLDownloadImage.framework in Frameworks */ = {isa = PBXBuildFile; fileRef = C96D9BB34AF87E330E3FDEC1 /* Pods_URLDownloadImage.framework */; };
		502F28C22441A1CF00A9DE7A /* Pods_URLDownloadImage.framework in Embed Frameworks */ = {isa = PBXBuildFile; fileRef = 502F28C02441A1CF00A9DE7A /* Pods_URLDownloadImage.framework */; settings = {ATTRIBUTES = (CodeSignOnCopy, RemoveHeadersOnCopy, ); }; };
		503F7FC5244C961D004043E8 /* LoginViewController.swift in Sources */ = {isa = PBXBuildFile; fileRef = 503F7FC4244C961D004043E8 /* LoginViewController.swift */; };
		50570A592437413B00E51F79 /* DataProvider.swift in Sources */ = {isa = PBXBuildFile; fileRef = 50570A582437413B00E51F79 /* DataProvider.swift */; };
		50570A5B2438A3E200E51F79 /* SceneDelegate.swift in Sources */ = {isa = PBXBuildFile; fileRef = 50570A5A2438A3E200E51F79 /* SceneDelegate.swift */; };
		506DC95124164152000B6DB1 /* NetworkManager.swift in Sources */ = {isa = PBXBuildFile; fileRef = 506DC95024164152000B6DB1 /* NetworkManager.swift */; };
		506DC95324165106000B6DB1 /* imageProperties.swift in Sources */ = {isa = PBXBuildFile; fileRef = 506DC95224165106000B6DB1 /* imageProperties.swift */; };
		506DC9552416558D000B6DB1 /* UploadViewController.swift in Sources */ = {isa = PBXBuildFile; fileRef = 506DC9542416558D000B6DB1 /* UploadViewController.swift */; };
		50A1C2812416325300ED4344 /* MainViewController.swift in Sources */ = {isa = PBXBuildFile; fileRef = 50A1C2802416325300ED4344 /* MainViewController.swift */; };
		50A1C2832416327B00ED4344 /* MainCollectionViewCell.swift in Sources */ = {isa = PBXBuildFile; fileRef = 50A1C2822416327B00ED4344 /* MainCollectionViewCell.swift */; };
		50E48D18240D0BDF000D03A6 /* AppDelegate.swift in Sources */ = {isa = PBXBuildFile; fileRef = 50E48D17240D0BDF000D03A6 /* AppDelegate.swift */; };
		50E48D1F240D0BDF000D03A6 /* Main.storyboard in Resources */ = {isa = PBXBuildFile; fileRef = 50E48D1D240D0BDF000D03A6 /* Main.storyboard */; };
		50E48D21240D0BE2000D03A6 /* Assets.xcassets in Resources */ = {isa = PBXBuildFile; fileRef = 50E48D20240D0BE2000D03A6 /* Assets.xcassets */; };
		50E48D24240D0BE2000D03A6 /* LaunchScreen.storyboard in Resources */ = {isa = PBXBuildFile; fileRef = 50E48D22240D0BE2000D03A6 /* LaunchScreen.storyboard */; };
		50E48D4A240D2482000D03A6 /* SecondViewController.swift in Sources */ = {isa = PBXBuildFile; fileRef = 50E48D49240D2482000D03A6 /* SecondViewController.swift */; };
		50E48D4C240D52E2000D03A6 /* GETViewController.swift in Sources */ = {isa = PBXBuildFile; fileRef = 50E48D4B240D52E2000D03A6 /* GETViewController.swift */; };
		50E48D4E240E77EB000D03A6 /* POSTViewController.swift in Sources */ = {isa = PBXBuildFile; fileRef = 50E48D4D240E77EB000D03A6 /* POSTViewController.swift */; };
		50E48D54240E94B0000D03A6 /* Course.swift in Sources */ = {isa = PBXBuildFile; fileRef = 50E48D53240E94B0000D03A6 /* Course.swift */; };
		50E48D59240E989A000D03A6 /* CourseViewController.swift in Sources */ = {isa = PBXBuildFile; fileRef = 50E48D58240E989A000D03A6 /* CourseViewController.swift */; };
		50E48D65240EB41E000D03A6 /* CourseTableViewCell.swift in Sources */ = {isa = PBXBuildFile; fileRef = 50E48D64240EB41E000D03A6 /* CourseTableViewCell.swift */; };
		50E48D6B240FB3CD000D03A6 /* WebViewController.swift in Sources */ = {isa = PBXBuildFile; fileRef = 50E48D6A240FB3CD000D03A6 /* WebViewController.swift */; };
		50F7DBF1243F43D200510B11 /* AlamofireNetworkRequest.swift in Sources */ = {isa = PBXBuildFile; fileRef = 50F7DBF0243F43D200510B11 /* AlamofireNetworkRequest.swift */; };
/* End PBXBuildFile section */

/* Begin PBXCopyFilesBuildPhase section */
		502F28C32441A1CF00A9DE7A /* Embed Frameworks */ = {
			isa = PBXCopyFilesBuildPhase;
			buildActionMask = 8;
			dstPath = "";
			dstSubfolderSpec = 10;
			files = (
				502F28C22441A1CF00A9DE7A /* Pods_URLDownloadImage.framework in Embed Frameworks */,
			);
			name = "Embed Frameworks";
			runOnlyForDeploymentPostprocessing = 1;
		};
/* End PBXCopyFilesBuildPhase section */

/* Begin PBXFileReference section */
		2F685E05AB9169D92259F338 /* Pods-URLDownloadImage.release.xcconfig */ = {isa = PBXFileReference; includeInIndex = 1; lastKnownFileType = text.xcconfig; name = "Pods-URLDownloadImage.release.xcconfig"; path = "Target Support Files/Pods-URLDownloadImage/Pods-URLDownloadImage.release.xcconfig"; sourceTree = "<group>"; };
		502F28C02441A1CF00A9DE7A /* Pods_URLDownloadImage.framework */ = {isa = PBXFileReference; explicitFileType = wrapper.framework; path = Pods_URLDownloadImage.framework; sourceTree = BUILT_PRODUCTS_DIR; };
		503F7FBC2445E143004043E8 /* Alamofire.framework */ = {isa = PBXFileReference; explicitFileType = wrapper.framework; path = Alamofire.framework; sourceTree = BUILT_PRODUCTS_DIR; };
		503F7FC3244C8711004043E8 /* URLDownloadImage.entitlements */ = {isa = PBXFileReference; lastKnownFileType = text.plist.entitlements; path = URLDownloadImage.entitlements; sourceTree = "<group>"; };
		503F7FC4244C961D004043E8 /* LoginViewController.swift */ = {isa = PBXFileReference; lastKnownFileType = sourcecode.swift; path = LoginViewController.swift; sourceTree = "<group>"; };
		50570A582437413B00E51F79 /* DataProvider.swift */ = {isa = PBXFileReference; lastKnownFileType = sourcecode.swift; path = DataProvider.swift; sourceTree = "<group>"; };
		50570A5A2438A3E200E51F79 /* SceneDelegate.swift */ = {isa = PBXFileReference; lastKnownFileType = sourcecode.swift; path = SceneDelegate.swift; sourceTree = "<group>"; };
		506DC95024164152000B6DB1 /* NetworkManager.swift */ = {isa = PBXFileReference; lastKnownFileType = sourcecode.swift; path = NetworkManager.swift; sourceTree = "<group>"; };
		506DC95224165106000B6DB1 /* imageProperties.swift */ = {isa = PBXFileReference; lastKnownFileType = sourcecode.swift; path = imageProperties.swift; sourceTree = "<group>"; };
		506DC9542416558D000B6DB1 /* UploadViewController.swift */ = {isa = PBXFileReference; lastKnownFileType = sourcecode.swift; path = UploadViewController.swift; sourceTree = "<group>"; };
		50A1C2802416325300ED4344 /* MainViewController.swift */ = {isa = PBXFileReference; lastKnownFileType = sourcecode.swift; path = MainViewController.swift; sourceTree = "<group>"; };
		50A1C2822416327B00ED4344 /* MainCollectionViewCell.swift */ = {isa = PBXFileReference; lastKnownFileType = sourcecode.swift; path = MainCollectionViewCell.swift; sourceTree = "<group>"; };
		50E48D14240D0BDF000D03A6 /* URLDownloadImage.app */ = {isa = PBXFileReference; explicitFileType = wrapper.application; includeInIndex = 0; path = URLDownloadImage.app; sourceTree = BUILT_PRODUCTS_DIR; };
		50E48D17240D0BDF000D03A6 /* AppDelegate.swift */ = {isa = PBXFileReference; lastKnownFileType = sourcecode.swift; path = AppDelegate.swift; sourceTree = "<group>"; };
		50E48D1E240D0BDF000D03A6 /* Base */ = {isa = PBXFileReference; lastKnownFileType = file.storyboard; name = Base; path = Base.lproj/Main.storyboard; sourceTree = "<group>"; };
		50E48D20240D0BE2000D03A6 /* Assets.xcassets */ = {isa = PBXFileReference; lastKnownFileType = folder.assetcatalog; path = Assets.xcassets; sourceTree = "<group>"; };
		50E48D23240D0BE2000D03A6 /* Base */ = {isa = PBXFileReference; lastKnownFileType = file.storyboard; name = Base; path = Base.lproj/LaunchScreen.storyboard; sourceTree = "<group>"; };
		50E48D25240D0BE2000D03A6 /* Info.plist */ = {isa = PBXFileReference; lastKnownFileType = text.plist.xml; path = Info.plist; sourceTree = "<group>"; };
		50E48D49240D2482000D03A6 /* SecondViewController.swift */ = {isa = PBXFileReference; lastKnownFileType = sourcecode.swift; path = SecondViewController.swift; sourceTree = "<group>"; };
		50E48D4B240D52E2000D03A6 /* GETViewController.swift */ = {isa = PBXFileReference; lastKnownFileType = sourcecode.swift; path = GETViewController.swift; sourceTree = "<group>"; };
		50E48D4D240E77EB000D03A6 /* POSTViewController.swift */ = {isa = PBXFileReference; lastKnownFileType = sourcecode.swift; path = POSTViewController.swift; sourceTree = "<group>"; };
		50E48D53240E94B0000D03A6 /* Course.swift */ = {isa = PBXFileReference; lastKnownFileType = sourcecode.swift; path = Course.swift; sourceTree = "<group>"; };
		50E48D58240E989A000D03A6 /* CourseViewController.swift */ = {isa = PBXFileReference; lastKnownFileType = sourcecode.swift; path = CourseViewController.swift; sourceTree = "<group>"; };
		50E48D64240EB41E000D03A6 /* CourseTableViewCell.swift */ = {isa = PBXFileReference; lastKnownFileType = sourcecode.swift; path = CourseTableViewCell.swift; sourceTree = "<group>"; };
		50E48D6A240FB3CD000D03A6 /* WebViewController.swift */ = {isa = PBXFileReference; lastKnownFileType = sourcecode.swift; path = WebViewController.swift; sourceTree = "<group>"; };
		50F7DBF0243F43D200510B11 /* AlamofireNetworkRequest.swift */ = {isa = PBXFileReference; lastKnownFileType = sourcecode.swift; path = AlamofireNetworkRequest.swift; sourceTree = "<group>"; };
		50F7DC12243F479F00510B11 /* Pods_URLDownloadImage.framework */ = {isa = PBXFileReference; explicitFileType = wrapper.framework; path = Pods_URLDownloadImage.framework; sourceTree = BUILT_PRODUCTS_DIR; };
		C96D9BB34AF87E330E3FDEC1 /* Pods_URLDownloadImage.framework */ = {isa = PBXFileReference; explicitFileType = wrapper.framework; includeInIndex = 0; path = Pods_URLDownloadImage.framework; sourceTree = BUILT_PRODUCTS_DIR; };
		FE3F4925E0DCA2CED36343EF /* Pods-URLDownloadImage.debug.xcconfig */ = {isa = PBXFileReference; includeInIndex = 1; lastKnownFileType = text.xcconfig; name = "Pods-URLDownloadImage.debug.xcconfig"; path = "Target Support Files/Pods-URLDownloadImage/Pods-URLDownloadImage.debug.xcconfig"; sourceTree = "<group>"; };
/* End PBXFileReference section */

/* Begin PBXFrameworksBuildPhase section */
		50E48D11240D0BDF000D03A6 /* Frameworks */ = {
			isa = PBXFrameworksBuildPhase;
			buildActionMask = 2147483647;
			files = (
				38EFD787FBBD0ABBE8B26233 /* Pods_URLDownloadImage.framework in Frameworks */,
			);
			runOnlyForDeploymentPostprocessing = 0;
		};
/* End PBXFrameworksBuildPhase section */

/* Begin PBXGroup section */
		502F28B72441A0BC00A9DE7A /* Recovered References */ = {
			isa = PBXGroup;
			children = (
				50F7DC12243F479F00510B11 /* Pods_URLDownloadImage.framework */,
				502F28C02441A1CF00A9DE7A /* Pods_URLDownloadImage.framework */,
			);
			name = "Recovered References";
			sourceTree = "<group>";
		};
		50E48D0B240D0BDF000D03A6 = {
			isa = PBXGroup;
			children = (
				50E48D16240D0BDF000D03A6 /* URLDownloadImage */,
				50E48D15240D0BDF000D03A6 /* Products */,
				FDBE6C917AFDAB66A11DACA7 /* Pods */,
				66B2BA476FE182F85A413491 /* Frameworks */,
				502F28B72441A0BC00A9DE7A /* Recovered References */,
			);
			sourceTree = "<group>";
		};
		50E48D15240D0BDF000D03A6 /* Products */ = {
			isa = PBXGroup;
			children = (
				50E48D14240D0BDF000D03A6 /* URLDownloadImage.app */,
			);
			name = Products;
			sourceTree = "<group>";
		};
		50E48D16240D0BDF000D03A6 /* URLDownloadImage */ = {
			isa = PBXGroup;
			children = (
				503F7FC3244C8711004043E8 /* URLDownloadImage.entitlements */,
				50E48D17240D0BDF000D03A6 /* AppDelegate.swift */,
				50570A5A2438A3E200E51F79 /* SceneDelegate.swift */,
				50E48D55240E94C3000D03A6 /* Model */,
				50E48D51240E9467000D03A6 /* Controller */,
				50E48D52240E9477000D03A6 /* View */,
				50E48D1D240D0BDF000D03A6 /* Main.storyboard */,
				50E48D20240D0BE2000D03A6 /* Assets.xcassets */,
				50E48D22240D0BE2000D03A6 /* LaunchScreen.storyboard */,
				50E48D25240D0BE2000D03A6 /* Info.plist */,
			);
			path = URLDownloadImage;
			sourceTree = "<group>";
		};
		50E48D51240E9467000D03A6 /* Controller */ = {
			isa = PBXGroup;
			children = (
				503F7FC4244C961D004043E8 /* LoginViewController.swift */,
				50A1C2802416325300ED4344 /* MainViewController.swift */,
				506DC95024164152000B6DB1 /* NetworkManager.swift */,
				50F7DBF0243F43D200510B11 /* AlamofireNetworkRequest.swift */,
				50570A582437413B00E51F79 /* DataProvider.swift */,
				50E48D49240D2482000D03A6 /* SecondViewController.swift */,
				506DC95224165106000B6DB1 /* imageProperties.swift */,
				506DC9542416558D000B6DB1 /* UploadViewController.swift */,
				50E48D4B240D52E2000D03A6 /* GETViewController.swift */,
				50E48D4D240E77EB000D03A6 /* POSTViewController.swift */,
				50E48D58240E989A000D03A6 /* CourseViewController.swift */,
				50E48D6A240FB3CD000D03A6 /* WebViewController.swift */,
			);
			path = Controller;
			sourceTree = "<group>";
		};
		50E48D52240E9477000D03A6 /* View */ = {
			isa = PBXGroup;
			children = (
				50E48D64240EB41E000D03A6 /* CourseTableViewCell.swift */,
				50A1C2822416327B00ED4344 /* MainCollectionViewCell.swift */,
			);
			path = View;
			sourceTree = "<group>";
		};
		50E48D55240E94C3000D03A6 /* Model */ = {
			isa = PBXGroup;
			children = (
				50E48D53240E94B0000D03A6 /* Course.swift */,
			);
			path = Model;
			sourceTree = "<group>";
		};
		66B2BA476FE182F85A413491 /* Frameworks */ = {
			isa = PBXGroup;
			children = (
				503F7FBC2445E143004043E8 /* Alamofire.framework */,
				C96D9BB34AF87E330E3FDEC1 /* Pods_URLDownloadImage.framework */,
			);
			name = Frameworks;
			sourceTree = "<group>";
		};
		FDBE6C917AFDAB66A11DACA7 /* Pods */ = {
			isa = PBXGroup;
			children = (
				FE3F4925E0DCA2CED36343EF /* Pods-URLDownloadImage.debug.xcconfig */,
				2F685E05AB9169D92259F338 /* Pods-URLDownloadImage.release.xcconfig */,
			);
			path = Pods;
			sourceTree = "<group>";
		};
/* End PBXGroup section */

/* Begin PBXNativeTarget section */
		50E48D13240D0BDF000D03A6 /* URLDownloadImage */ = {
			isa = PBXNativeTarget;
			buildConfigurationList = 50E48D3E240D0BE2000D03A6 /* Build configuration list for PBXNativeTarget "URLDownloadImage" */;
			buildPhases = (
				F72B7622B50BAD8D13E2F9C8 /* [CP] Check Pods Manifest.lock */,
				50E48D10240D0BDF000D03A6 /* Sources */,
				50E48D11240D0BDF000D03A6 /* Frameworks */,
				50E48D12240D0BDF000D03A6 /* Resources */,
				502F28C32441A1CF00A9DE7A /* Embed Frameworks */,
				4AEBE74E87C578C82327FE87 /* [CP] Embed Pods Frameworks */,
			);
			buildRules = (
			);
			dependencies = (
			);
			name = URLDownloadImage;
			productName = URLDownloadImage;
			productReference = 50E48D14240D0BDF000D03A6 /* URLDownloadImage.app */;
			productType = "com.apple.product-type.application";
		};
/* End PBXNativeTarget section */

/* Begin PBXProject section */
		50E48D0C240D0BDF000D03A6 /* Project object */ = {
			isa = PBXProject;
			attributes = {
				LastSwiftUpdateCheck = 1130;
				LastUpgradeCheck = 1130;
				ORGANIZATIONNAME = max;
				TargetAttributes = {
					50E48D13240D0BDF000D03A6 = {
						CreatedOnToolsVersion = 11.3.1;
					};
				};
			};
			buildConfigurationList = 50E48D0F240D0BDF000D03A6 /* Build configuration list for PBXProject "URLDownloadImage" */;
			compatibilityVersion = "Xcode 9.3";
			developmentRegion = en;
			hasScannedForEncodings = 0;
			knownRegions = (
				en,
				Base,
			);
			mainGroup = 50E48D0B240D0BDF000D03A6;
			productRefGroup = 50E48D15240D0BDF000D03A6 /* Products */;
			projectDirPath = "";
			projectRoot = "";
			targets = (
				50E48D13240D0BDF000D03A6 /* URLDownloadImage */,
			);
		};
/* End PBXProject section */

/* Begin PBXResourcesBuildPhase section */
		50E48D12240D0BDF000D03A6 /* Resources */ = {
			isa = PBXResourcesBuildPhase;
			buildActionMask = 2147483647;
			files = (
				50E48D24240D0BE2000D03A6 /* LaunchScreen.storyboard in Resources */,
				50E48D21240D0BE2000D03A6 /* Assets.xcassets in Resources */,
				50E48D1F240D0BDF000D03A6 /* Main.storyboard in Resources */,
			);
			runOnlyForDeploymentPostprocessing = 0;
		};
/* End PBXResourcesBuildPhase section */

/* Begin PBXShellScriptBuildPhase section */
		4AEBE74E87C578C82327FE87 /* [CP] Embed Pods Frameworks */ = {
			isa = PBXShellScriptBuildPhase;
			buildActionMask = 2147483647;
			files = (
			);
			inputFileListPaths = (
				"${PODS_ROOT}/Target Support Files/Pods-URLDownloadImage/Pods-URLDownloadImage-frameworks-${CONFIGURATION}-input-files.xcfilelist",
			);
			name = "[CP] Embed Pods Frameworks";
			outputFileListPaths = (
				"${PODS_ROOT}/Target Support Files/Pods-URLDownloadImage/Pods-URLDownloadImage-frameworks-${CONFIGURATION}-output-files.xcfilelist",
			);
			runOnlyForDeploymentPostprocessing = 0;
			shellPath = /bin/sh;
			shellScript = "\"${PODS_ROOT}/Target Support Files/Pods-URLDownloadImage/Pods-URLDownloadImage-frameworks.sh\"\n";
			showEnvVarsInLog = 0;
		};
		F72B7622B50BAD8D13E2F9C8 /* [CP] Check Pods Manifest.lock */ = {
			isa = PBXShellScriptBuildPhase;
			buildActionMask = 2147483647;
			files = (
			);
			inputFileListPaths = (
			);
			inputPaths = (
				"${PODS_PODFILE_DIR_PATH}/Podfile.lock",
				"${PODS_ROOT}/Manifest.lock",
			);
			name = "[CP] Check Pods Manifest.lock";
			outputFileListPaths = (
			);
			outputPaths = (
				"$(DERIVED_FILE_DIR)/Pods-URLDownloadImage-checkManifestLockResult.txt",
			);
			runOnlyForDeploymentPostprocessing = 0;
			shellPath = /bin/sh;
			shellScript = "diff \"${PODS_PODFILE_DIR_PATH}/Podfile.lock\" \"${PODS_ROOT}/Manifest.lock\" > /dev/null\nif [ $? != 0 ] ; then\n    # print error to STDERR\n    echo \"error: The sandbox is not in sync with the Podfile.lock. Run 'pod install' or update your CocoaPods installation.\" >&2\n    exit 1\nfi\n# This output is used by Xcode 'outputs' to avoid re-running this script phase.\necho \"SUCCESS\" > \"${SCRIPT_OUTPUT_FILE_0}\"\n";
			showEnvVarsInLog = 0;
		};
/* End PBXShellScriptBuildPhase section */

/* Begin PBXSourcesBuildPhase section */
		50E48D10240D0BDF000D03A6 /* Sources */ = {
			isa = PBXSourcesBuildPhase;
			buildActionMask = 2147483647;
			files = (
				506DC95124164152000B6DB1 /* NetworkManager.swift in Sources */,
				506DC9552416558D000B6DB1 /* UploadViewController.swift in Sources */,
				50E48D54240E94B0000D03A6 /* Course.swift in Sources */,
				50E48D4E240E77EB000D03A6 /* POSTViewController.swift in Sources */,
				50E48D59240E989A000D03A6 /* CourseViewController.swift in Sources */,
				50570A5B2438A3E200E51F79 /* SceneDelegate.swift in Sources */,
				50E48D6B240FB3CD000D03A6 /* WebViewController.swift in Sources */,
				506DC95324165106000B6DB1 /* imageProperties.swift in Sources */,
				50E48D4A240D2482000D03A6 /* SecondViewController.swift in Sources */,
				50E48D65240EB41E000D03A6 /* CourseTableViewCell.swift in Sources */,
				50E48D4C240D52E2000D03A6 /* GETViewController.swift in Sources */,
				50F7DBF1243F43D200510B11 /* AlamofireNetworkRequest.swift in Sources */,
				50A1C2832416327B00ED4344 /* MainCollectionViewCell.swift in Sources */,
				503F7FC5244C961D004043E8 /* LoginViewController.swift in Sources */,
				50E48D18240D0BDF000D03A6 /* AppDelegate.swift in Sources */,
				50570A592437413B00E51F79 /* DataProvider.swift in Sources */,
				50A1C2812416325300ED4344 /* MainViewController.swift in Sources */,
			);
			runOnlyForDeploymentPostprocessing = 0;
		};
/* End PBXSourcesBuildPhase section */

/* Begin PBXVariantGroup section */
		50E48D1D240D0BDF000D03A6 /* Main.storyboard */ = {
			isa = PBXVariantGroup;
			children = (
				50E48D1E240D0BDF000D03A6 /* Base */,
			);
			name = Main.storyboard;
			sourceTree = "<group>";
		};
		50E48D22240D0BE2000D03A6 /* LaunchScreen.storyboard */ = {
			isa = PBXVariantGroup;
			children = (
				50E48D23240D0BE2000D03A6 /* Base */,
			);
			name = LaunchScreen.storyboard;
			sourceTree = "<group>";
		};
/* End PBXVariantGroup section */

/* Begin XCBuildConfiguration section */
		50E48D3C240D0BE2000D03A6 /* Debug */ = {
			isa = XCBuildConfiguration;
			buildSettings = {
				ALWAYS_SEARCH_USER_PATHS = NO;
				CLANG_ANALYZER_NONNULL = YES;
				CLANG_ANALYZER_NUMBER_OBJECT_CONVERSION = YES_AGGRESSIVE;
				CLANG_CXX_LANGUAGE_STANDARD = "gnu++14";
				CLANG_CXX_LIBRARY = "libc++";
				CLANG_ENABLE_MODULES = YES;
				CLANG_ENABLE_OBJC_ARC = YES;
				CLANG_ENABLE_OBJC_WEAK = YES;
				CLANG_WARN_BLOCK_CAPTURE_AUTORELEASING = YES;
				CLANG_WARN_BOOL_CONVERSION = YES;
				CLANG_WARN_COMMA = YES;
				CLANG_WARN_CONSTANT_CONVERSION = YES;
				CLANG_WARN_DEPRECATED_OBJC_IMPLEMENTATIONS = YES;
				CLANG_WARN_DIRECT_OBJC_ISA_USAGE = YES_ERROR;
				CLANG_WARN_DOCUMENTATION_COMMENTS = YES;
				CLANG_WARN_EMPTY_BODY = YES;
				CLANG_WARN_ENUM_CONVERSION = YES;
				CLANG_WARN_INFINITE_RECURSION = YES;
				CLANG_WARN_INT_CONVERSION = YES;
				CLANG_WARN_NON_LITERAL_NULL_CONVERSION = YES;
				CLANG_WARN_OBJC_IMPLICIT_RETAIN_SELF = YES;
				CLANG_WARN_OBJC_LITERAL_CONVERSION = YES;
				CLANG_WARN_OBJC_ROOT_CLASS = YES_ERROR;
				CLANG_WARN_RANGE_LOOP_ANALYSIS = YES;
				CLANG_WARN_STRICT_PROTOTYPES = YES;
				CLANG_WARN_SUSPICIOUS_MOVE = YES;
				CLANG_WARN_UNGUARDED_AVAILABILITY = YES_AGGRESSIVE;
				CLANG_WARN_UNREACHABLE_CODE = YES;
				CLANG_WARN__DUPLICATE_METHOD_MATCH = YES;
				COPY_PHASE_STRIP = NO;
				DEBUG_INFORMATION_FORMAT = dwarf;
				ENABLE_STRICT_OBJC_MSGSEND = YES;
				ENABLE_TESTABILITY = YES;
				GCC_C_LANGUAGE_STANDARD = gnu11;
				GCC_DYNAMIC_NO_PIC = NO;
				GCC_NO_COMMON_BLOCKS = YES;
				GCC_OPTIMIZATION_LEVEL = 0;
				GCC_PREPROCESSOR_DEFINITIONS = (
					"DEBUG=1",
					"$(inherited)",
				);
				GCC_WARN_64_TO_32_BIT_CONVERSION = YES;
				GCC_WARN_ABOUT_RETURN_TYPE = YES_ERROR;
				GCC_WARN_UNDECLARED_SELECTOR = YES;
				GCC_WARN_UNINITIALIZED_AUTOS = YES_AGGRESSIVE;
				GCC_WARN_UNUSED_FUNCTION = YES;
				GCC_WARN_UNUSED_VARIABLE = YES;
				IPHONEOS_DEPLOYMENT_TARGET = 13.2;
				MTL_ENABLE_DEBUG_INFO = INCLUDE_SOURCE;
				MTL_FAST_MATH = YES;
				ONLY_ACTIVE_ARCH = YES;
				SDKROOT = iphoneos;
				SWIFT_ACTIVE_COMPILATION_CONDITIONS = DEBUG;
				SWIFT_OPTIMIZATION_LEVEL = "-Onone";
			};
			name = Debug;
		};
		50E48D3D240D0BE2000D03A6 /* Release */ = {
			isa = XCBuildConfiguration;
			buildSettings = {
				ALWAYS_SEARCH_USER_PATHS = NO;
				CLANG_ANALYZER_NONNULL = YES;
				CLANG_ANALYZER_NUMBER_OBJECT_CONVERSION = YES_AGGRESSIVE;
				CLANG_CXX_LANGUAGE_STANDARD = "gnu++14";
				CLANG_CXX_LIBRARY = "libc++";
				CLANG_ENABLE_MODULES = YES;
				CLANG_ENABLE_OBJC_ARC = YES;
				CLANG_ENABLE_OBJC_WEAK = YES;
				CLANG_WARN_BLOCK_CAPTURE_AUTORELEASING = YES;
				CLANG_WARN_BOOL_CONVERSION = YES;
				CLANG_WARN_COMMA = YES;
				CLANG_WARN_CONSTANT_CONVERSION = YES;
				CLANG_WARN_DEPRECATED_OBJC_IMPLEMENTATIONS = YES;
				CLANG_WARN_DIRECT_OBJC_ISA_USAGE = YES_ERROR;
				CLANG_WARN_DOCUMENTATION_COMMENTS = YES;
				CLANG_WARN_EMPTY_BODY = YES;
				CLANG_WARN_ENUM_CONVERSION = YES;
				CLANG_WARN_INFINITE_RECURSION = YES;
				CLANG_WARN_INT_CONVERSION = YES;
				CLANG_WARN_NON_LITERAL_NULL_CONVERSION = YES;
				CLANG_WARN_OBJC_IMPLICIT_RETAIN_SELF = YES;
				CLANG_WARN_OBJC_LITERAL_CONVERSION = YES;
				CLANG_WARN_OBJC_ROOT_CLASS = YES_ERROR;
				CLANG_WARN_RANGE_LOOP_ANALYSIS = YES;
				CLANG_WARN_STRICT_PROTOTYPES = YES;
				CLANG_WARN_SUSPICIOUS_MOVE = YES;
				CLANG_WARN_UNGUARDED_AVAILABILITY = YES_AGGRESSIVE;
				CLANG_WARN_UNREACHABLE_CODE = YES;
				CLANG_WARN__DUPLICATE_METHOD_MATCH = YES;
				COPY_PHASE_STRIP = NO;
				DEBUG_INFORMATION_FORMAT = "dwarf-with-dsym";
				ENABLE_NS_ASSERTIONS = NO;
				ENABLE_STRICT_OBJC_MSGSEND = YES;
				GCC_C_LANGUAGE_STANDARD = gnu11;
				GCC_NO_COMMON_BLOCKS = YES;
				GCC_WARN_64_TO_32_BIT_CONVERSION = YES;
				GCC_WARN_ABOUT_RETURN_TYPE = YES_ERROR;
				GCC_WARN_UNDECLARED_SELECTOR = YES;
				GCC_WARN_UNINITIALIZED_AUTOS = YES_AGGRESSIVE;
				GCC_WARN_UNUSED_FUNCTION = YES;
				GCC_WARN_UNUSED_VARIABLE = YES;
				IPHONEOS_DEPLOYMENT_TARGET = 13.2;
				MTL_ENABLE_DEBUG_INFO = NO;
				MTL_FAST_MATH = YES;
				SDKROOT = iphoneos;
				SWIFT_COMPILATION_MODE = wholemodule;
				SWIFT_OPTIMIZATION_LEVEL = "-O";
				VALIDATE_PRODUCT = YES;
			};
			name = Release;
		};
		50E48D3F240D0BE2000D03A6 /* Debug */ = {
			isa = XCBuildConfiguration;
			baseConfigurationReference = FE3F4925E0DCA2CED36343EF /* Pods-URLDownloadImage.debug.xcconfig */;
			buildSettings = {
				ASSETCATALOG_COMPILER_APPICON_NAME = AppIcon;
				CODE_SIGN_ENTITLEMENTS = URLDownloadImage/URLDownloadImage.entitlements;
				CODE_SIGN_STYLE = Automatic;
				DEVELOPMENT_TEAM = JVAJVCXNP9;
				INFOPLIST_FILE = URLDownloadImage/Info.plist;
				LD_RUNPATH_SEARCH_PATHS = (
					"$(inherited)",
					"@executable_path/Frameworks",
				);
				PRODUCT_BUNDLE_IDENTIFIER = "Max-T.URLDownloadImage";
				PRODUCT_NAME = "$(TARGET_NAME)";
				SWIFT_VERSION = 5.0;
				TARGETED_DEVICE_FAMILY = "1,2";
			};
			name = Debug;
		};
		50E48D40240D0BE2000D03A6 /* Release */ = {
			isa = XCBuildConfiguration;
			baseConfigurationReference = 2F685E05AB9169D92259F338 /* Pods-URLDownloadImage.release.xcconfig */;
			buildSettings = {
				ASSETCATALOG_COMPILER_APPICON_NAME = AppIcon;
				CODE_SIGN_ENTITLEMENTS = URLDownloadImage/URLDownloadImage.entitlements;
				CODE_SIGN_STYLE = Automatic;
				DEVELOPMENT_TEAM = JVAJVCXNP9;
				INFOPLIST_FILE = URLDownloadImage/Info.plist;
				LD_RUNPATH_SEARCH_PATHS = (
					"$(inherited)",
					"@executable_path/Frameworks",
				);
				PRODUCT_BUNDLE_IDENTIFIER = "Max-T.URLDownloadImage";
				PRODUCT_NAME = "$(TARGET_NAME)";
				SWIFT_VERSION = 5.0;
				TARGETED_DEVICE_FAMILY = "1,2";
			};
			name = Release;
		};
/* End XCBuildConfiguration section */

/* Begin XCConfigurationList section */
		50E48D0F240D0BDF000D03A6 /* Build configuration list for PBXProject "URLDownloadImage" */ = {
			isa = XCConfigurationList;
			buildConfigurations = (
				50E48D3C240D0BE2000D03A6 /* Debug */,
				50E48D3D240D0BE2000D03A6 /* Release */,
			);
			defaultConfigurationIsVisible = 0;
			defaultConfigurationName = Release;
		};
		50E48D3E240D0BE2000D03A6 /* Build configuration list for PBXNativeTarget "URLDownloadImage" */ = {
			isa = XCConfigurationList;
			buildConfigurations = (
				50E48D3F240D0BE2000D03A6 /* Debug */,
				50E48D40240D0BE2000D03A6 /* Release */,
			);
			defaultConfigurationIsVisible = 0;
			defaultConfigurationName = Release;
		};
/* End XCConfigurationList section */
	};
	rootObject = 50E48D0C240D0BDF000D03A6 /* Project object */;
}
